<?xml version="1.0" encoding="UTF-8" standalone="yes" ?>
<CodeBlocks_project_file>
	<FileVersion major="1" minor="6" />
	<Project>
		<Option title="Versus" />
		<Option pch_mode="2" />
		<Option compiler="gcc" />
		<Build>
			<Target title="Debug">
				<Option output="bin/Debug/Versus" prefix_auto="1" extension_auto="1" />
				<Option object_output="obj/Debug/" />
				<Option type="1" />
				<Option compiler="gcc" />
				<Compiler>
					<Add option="-g" />
				</Compiler>
			</Target>
			<Target title="Release">
				<Option output="bin/Release/Versus" prefix_auto="1" extension_auto="1" />
				<Option object_output="obj/Release/" />
				<Option type="1" />
				<Option compiler="gcc" />
				<Compiler>
					<Add option="-O2" />
				</Compiler>
				<Linker>
					<Add option="-s" />
				</Linker>
			</Target>
		</Build>
		<Compiler>
			<Add option="-Wall" />
			<Add option="-fexceptions" />
		</Compiler>
		<Unit filename="Box.cpp" />
		<Unit filename="Box.h" />
		<Unit filename="Disparos.cpp" />
		<Unit filename="Disparos.h" />
		<Unit filename="EnemigoNegro.cpp" />
		<Unit filename="EnemigoNegro.h" />
		<Unit filename="Enemigos.cpp" />
		<Unit filename="Enemigos.h" />
		<Unit filename="Entidad.cpp" />
		<Unit filename="Entidad.h" />
		<Unit filename="ObjetosAnimados.cpp" />
		<Unit filename="ObjetosAnimados.h" />
		<Unit filename="Obstaculo.cpp" />
		<Unit filename="Obstaculo.h" />
		<Unit filename="PerPrincipal.cpp" />
		<Unit filename="PerPrincipal.h" />
		<Unit filename="PersonajesAnimados.cpp" />
		<Unit filename="PersonajesAnimados.h" />
		<Unit filename="main.cpp" />
		<Extensions>
			<code_completion />
			<debugger />
		</Extensions>
	</Project>
</CodeBlocks_project_file>
